
Microsoft Visual Studio Solution File, Format Version 12.00
# Visual Studio Version 17
VisualStudioVersion = 17.6.33723.286
MinimumVisualStudioVersion = 10.0.40219.1
Project("{FAE04EC0-301F-11D3-BF4B-00C04F79EFBC}") = "cSharp_PaymentAPI", "cSharp_PaymentAPI.csproj", "{2B43BF4A-0D22-4D7F-980C-4735D6E30CEA}"
EndProject
Global
	GlobalSection(SolutionConfigurationPlatforms) = preSolution
		Debug|Any CPU = Debug|Any CPU
		Release|Any CPU = Release|Any CPU
	EndGlobalSection
	GlobalSection(ProjectConfigurationPlatforms) = postSolution
		{2B43BF4A-0D22-4D7F-980C-4735D6E30CEA}.Debug|Any CPU.ActiveCfg = Debug|Any CPU
		{2B43BF4A-0D22-4D7F-980C-4735D6E30CEA}.Debug|Any CPU.Build.0 = Debug|Any CPU
		{2B43BF4A-0D22-4D7F-980C-4735D6E30CEA}.Release|Any CPU.ActiveCfg = Release|Any CPU
		{2B43BF4A-0D22-4D7F-980C-4735D6E30CEA}.Release|Any CPU.Build.0 = Release|Any CPU
	EndGlobalSection
	GlobalSection(SolutionProperties) = preSolution
		HideSolutionNode = FALSE
	EndGlobalSection
	GlobalSection(ExtensibilityGlobals) = postSolution
		SolutionGuid = {5AEC26B5-2BE6-4E53-A234-BD5A19A2ADA0}
	EndGlobalSection
EndGlobal
